
Microsoft Visual Studio Solution File, Format Version 12.00
# Visual Studio 2012
Project("{FAE04EC0-301F-11D3-BF4B-00C04F79EFBC}") = "NotFoundImageChecker.Domain", "NotFoundImageChecker.Domain\NotFoundImageChecker.Domain.csproj", "{BA5116EE-5BA4-41EC-95F0-CE7BEE39896F}"
EndProject
Project("{FAE04EC0-301F-11D3-BF4B-00C04F79EFBC}") = "NotFoundImageChecker.Service", "NotFoundImageChecker.Service\NotFoundImageChecker.Service.csproj", "{C72C1A1A-E74D-4281-ADB2-D02DD3F5AE32}"
EndProject
Global
	GlobalSection(SolutionConfigurationPlatforms) = preSolution
		Debug|Any CPU = Debug|Any CPU
		Release|Any CPU = Release|Any CPU
	EndGlobalSection
	GlobalSection(ProjectConfigurationPlatforms) = postSolution
		{BA5116EE-5BA4-41EC-95F0-CE7BEE39896F}.Debug|Any CPU.ActiveCfg = Debug|Any CPU
		{BA5116EE-5BA4-41EC-95F0-CE7BEE39896F}.Debug|Any CPU.Build.0 = Debug|Any CPU
		{BA5116EE-5BA4-41EC-95F0-CE7BEE39896F}.Release|Any CPU.ActiveCfg = Release|Any CPU
		{BA5116EE-5BA4-41EC-95F0-CE7BEE39896F}.Release|Any CPU.Build.0 = Release|Any CPU
		{C72C1A1A-E74D-4281-ADB2-D02DD3F5AE32}.Debug|Any CPU.ActiveCfg = Debug|Any CPU
		{C72C1A1A-E74D-4281-ADB2-D02DD3F5AE32}.Debug|Any CPU.Build.0 = Debug|Any CPU
		{C72C1A1A-E74D-4281-ADB2-D02DD3F5AE32}.Release|Any CPU.ActiveCfg = Release|Any CPU
		{C72C1A1A-E74D-4281-ADB2-D02DD3F5AE32}.Release|Any CPU.Build.0 = Release|Any CPU
	EndGlobalSection
	GlobalSection(SolutionProperties) = preSolution
		HideSolutionNode = FALSE
	EndGlobalSection
EndGlobal
